
Microsoft Visual Studio Solution File, Format Version 12.00
# Visual Studio 15
VisualStudioVersion = 15.0.28307.1340
MinimumVisualStudioVersion = 10.0.40219.1
Project("{FAE04EC0-301F-11D3-BF4B-00C04F79EFBC}") = "ECOTECHWEBAPP", "ECOTECHWEBAPP\ECOTECHWEBAPP.csproj", "{84F509F2-110B-48E9-865D-216C8960D899}"
EndProject
Global
	GlobalSection(SolutionConfigurationPlatforms) = preSolution
		Debug|Any CPU = Debug|Any CPU
		Release|Any CPU = Release|Any CPU
	EndGlobalSection
	GlobalSection(ProjectConfigurationPlatforms) = postSolution
		{84F509F2-110B-48E9-865D-216C8960D899}.Debug|Any CPU.ActiveCfg = Debug|Any CPU
		{84F509F2-110B-48E9-865D-216C8960D899}.Debug|Any CPU.Build.0 = Debug|Any CPU
		{84F509F2-110B-48E9-865D-216C8960D899}.Release|Any CPU.ActiveCfg = Release|Any CPU
		{84F509F2-110B-48E9-865D-216C8960D899}.Release|Any CPU.Build.0 = Release|Any CPU
	EndGlobalSection
	GlobalSection(SolutionProperties) = preSolution
		HideSolutionNode = FALSE
	EndGlobalSection
	GlobalSection(ExtensibilityGlobals) = postSolution
		SolutionGuid = {0041ECDA-1663-4C11-AFDF-44A59AA1DCE9}
	EndGlobalSection
EndGlobal
